
Microsoft Visual Studio Solution File, Format Version 12.00
Project("{FAE04EC0-301F-11D3-BF4B-00C04F79EFBC}") = "WarmadClassLib", "WarmadClassLib\WarmadClassLib.csproj", "{BD2D6685-6A21-499F-AAAA-BC6BDF539881}"
EndProject
Project("{FAE04EC0-301F-11D3-BF4B-00C04F79EFBC}") = "Commons", "Commons\Commons.csproj", "{1682000D-DBA8-4880-8ED5-B548AF3533FE}"
EndProject
Project("{FAE04EC0-301F-11D3-BF4B-00C04F79EFBC}") = "Dtos", "Dtos\Dtos.csproj", "{9E44B3DD-DF10-4B0E-979D-6DAEB2C0C115}"
EndProject
Project("{FAE04EC0-301F-11D3-BF4B-00C04F79EFBC}") = "Models", "Models\Models.csproj", "{E9D236C2-29A4-4A59-9450-30C2DE57A5FF}"
EndProject
Project("{FAE04EC0-301F-11D3-BF4B-00C04F79EFBC}") = "Repositories", "Repositories\Repositories.csproj", "{0C4D3755-006A-4418-B6F2-8DAB492EF70F}"
EndProject
Project("{FAE04EC0-301F-11D3-BF4B-00C04F79EFBC}") = "Warmad.Api", "Warmad.Api\Warmad.Api.csproj", "{B587F70A-7528-45EC-AE59-2BBB1FF0146F}"
EndProject
Project("{FAE04EC0-301F-11D3-BF4B-00C04F79EFBC}") = "Services", "Services\Services.csproj", "{C9689D7C-15A9-4259-A776-6C8C656B50C6}"
EndProject
Project("{FAE04EC0-301F-11D3-BF4B-00C04F79EFBC}") = "WarmadWeb", "WarmadWeb\WarmadWeb.csproj", "{5F7E8911-9753-41FD-A4C3-F723E74ACC52}"
EndProject
Project("{FAE04EC0-301F-11D3-BF4B-00C04F79EFBC}") = "Repositori.Test", "Repositori.Test\Repositori.Test.csproj", "{7847F05E-C18F-4C89-96C4-3EDBDAA69964}"
EndProject
Global
	GlobalSection(SolutionConfigurationPlatforms) = preSolution
		Debug|Any CPU = Debug|Any CPU
		Release|Any CPU = Release|Any CPU
	EndGlobalSection
	GlobalSection(ProjectConfigurationPlatforms) = postSolution
		{BD2D6685-6A21-499F-AAAA-BC6BDF539881}.Debug|Any CPU.ActiveCfg = Debug|Any CPU
		{BD2D6685-6A21-499F-AAAA-BC6BDF539881}.Debug|Any CPU.Build.0 = Debug|Any CPU
		{BD2D6685-6A21-499F-AAAA-BC6BDF539881}.Release|Any CPU.ActiveCfg = Release|Any CPU
		{BD2D6685-6A21-499F-AAAA-BC6BDF539881}.Release|Any CPU.Build.0 = Release|Any CPU
		{1682000D-DBA8-4880-8ED5-B548AF3533FE}.Debug|Any CPU.ActiveCfg = Debug|Any CPU
		{1682000D-DBA8-4880-8ED5-B548AF3533FE}.Debug|Any CPU.Build.0 = Debug|Any CPU
		{1682000D-DBA8-4880-8ED5-B548AF3533FE}.Release|Any CPU.ActiveCfg = Release|Any CPU
		{1682000D-DBA8-4880-8ED5-B548AF3533FE}.Release|Any CPU.Build.0 = Release|Any CPU
		{9E44B3DD-DF10-4B0E-979D-6DAEB2C0C115}.Debug|Any CPU.ActiveCfg = Debug|Any CPU
		{9E44B3DD-DF10-4B0E-979D-6DAEB2C0C115}.Debug|Any CPU.Build.0 = Debug|Any CPU
		{9E44B3DD-DF10-4B0E-979D-6DAEB2C0C115}.Release|Any CPU.ActiveCfg = Release|Any CPU
		{9E44B3DD-DF10-4B0E-979D-6DAEB2C0C115}.Release|Any CPU.Build.0 = Release|Any CPU
		{E9D236C2-29A4-4A59-9450-30C2DE57A5FF}.Debug|Any CPU.ActiveCfg = Debug|Any CPU
		{E9D236C2-29A4-4A59-9450-30C2DE57A5FF}.Debug|Any CPU.Build.0 = Debug|Any CPU
		{E9D236C2-29A4-4A59-9450-30C2DE57A5FF}.Release|Any CPU.ActiveCfg = Release|Any CPU
		{E9D236C2-29A4-4A59-9450-30C2DE57A5FF}.Release|Any CPU.Build.0 = Release|Any CPU
		{0C4D3755-006A-4418-B6F2-8DAB492EF70F}.Debug|Any CPU.ActiveCfg = Debug|Any CPU
		{0C4D3755-006A-4418-B6F2-8DAB492EF70F}.Debug|Any CPU.Build.0 = Debug|Any CPU
		{0C4D3755-006A-4418-B6F2-8DAB492EF70F}.Release|Any CPU.ActiveCfg = Release|Any CPU
		{0C4D3755-006A-4418-B6F2-8DAB492EF70F}.Release|Any CPU.Build.0 = Release|Any CPU
		{B587F70A-7528-45EC-AE59-2BBB1FF0146F}.Debug|Any CPU.ActiveCfg = Debug|Any CPU
		{B587F70A-7528-45EC-AE59-2BBB1FF0146F}.Debug|Any CPU.Build.0 = Debug|Any CPU
		{B587F70A-7528-45EC-AE59-2BBB1FF0146F}.Release|Any CPU.ActiveCfg = Release|Any CPU
		{B587F70A-7528-45EC-AE59-2BBB1FF0146F}.Release|Any CPU.Build.0 = Release|Any CPU
		{C9689D7C-15A9-4259-A776-6C8C656B50C6}.Debug|Any CPU.ActiveCfg = Debug|Any CPU
		{C9689D7C-15A9-4259-A776-6C8C656B50C6}.Debug|Any CPU.Build.0 = Debug|Any CPU
		{C9689D7C-15A9-4259-A776-6C8C656B50C6}.Release|Any CPU.ActiveCfg = Release|Any CPU
		{C9689D7C-15A9-4259-A776-6C8C656B50C6}.Release|Any CPU.Build.0 = Release|Any CPU
		{5F7E8911-9753-41FD-A4C3-F723E74ACC52}.Debug|Any CPU.ActiveCfg = Debug|Any CPU
		{5F7E8911-9753-41FD-A4C3-F723E74ACC52}.Debug|Any CPU.Build.0 = Debug|Any CPU
		{5F7E8911-9753-41FD-A4C3-F723E74ACC52}.Release|Any CPU.ActiveCfg = Release|Any CPU
		{5F7E8911-9753-41FD-A4C3-F723E74ACC52}.Release|Any CPU.Build.0 = Release|Any CPU
		{7847F05E-C18F-4C89-96C4-3EDBDAA69964}.Debug|Any CPU.ActiveCfg = Debug|Any CPU
		{7847F05E-C18F-4C89-96C4-3EDBDAA69964}.Debug|Any CPU.Build.0 = Debug|Any CPU
		{7847F05E-C18F-4C89-96C4-3EDBDAA69964}.Release|Any CPU.ActiveCfg = Release|Any CPU
		{7847F05E-C18F-4C89-96C4-3EDBDAA69964}.Release|Any CPU.Build.0 = Release|Any CPU
	EndGlobalSection
EndGlobal
